
Microsoft Visual Studio Solution File, Format Version 12.00
# Visual Studio 15
VisualStudioVersion = 15.0.28307.1800
MinimumVisualStudioVersion = 10.0.40219.1
Project("{9A19103F-16F7-4668-BE54-9A1E7A4F7556}") = "WebApp", "WebApp.csproj", "{ED99D8BD-6FB1-491A-8B1C-C3C0072A7076}"
EndProject
Global
	GlobalSection(SolutionConfigurationPlatforms) = preSolution
		Debug|Any CPU = Debug|Any CPU
		Release|Any CPU = Release|Any CPU
	EndGlobalSection
	GlobalSection(ProjectConfigurationPlatforms) = postSolution
		{ED99D8BD-6FB1-491A-8B1C-C3C0072A7076}.Debug|Any CPU.ActiveCfg = Debug|Any CPU
		{ED99D8BD-6FB1-491A-8B1C-C3C0072A7076}.Debug|Any CPU.Build.0 = Debug|Any CPU
		{ED99D8BD-6FB1-491A-8B1C-C3C0072A7076}.Release|Any CPU.ActiveCfg = Release|Any CPU
		{ED99D8BD-6FB1-491A-8B1C-C3C0072A7076}.Release|Any CPU.Build.0 = Release|Any CPU
	EndGlobalSection
	GlobalSection(SolutionProperties) = preSolution
		HideSolutionNode = FALSE
	EndGlobalSection
	GlobalSection(ExtensibilityGlobals) = postSolution
		SolutionGuid = {A7E24112-3AFC-4595-BE38-AB1B4B0FBA49}
	EndGlobalSection
EndGlobal
